// !$*UTF8*$!
{
	archiveVersion = 1;
	classes = {
	};
	objectVersion = 46;
	objects = {

/* Begin PBXBuildFile section */
		195C23461F7037F800DBE754 /* main.m in Sources */ = {isa = PBXBuildFile; fileRef = 195C23451F7037F800DBE754 /* main.m */; };
		195C23491F7037F800DBE754 /* AppDelegate.m in Sources */ = {isa = PBXBuildFile; fileRef = 195C23481F7037F800DBE754 /* AppDelegate.m */; };
		195C234C1F7037F800DBE754 /* ViewController.m in Sources */ = {isa = PBXBuildFile; fileRef = 195C234B1F7037F800DBE754 /* ViewController.m */; };
		195C234F1F7037F800DBE754 /* Main.storyboard in Resources */ = {isa = PBXBuildFile; fileRef = 195C234D1F7037F800DBE754 /* Main.storyboard */; };
		195C23511F7037F800DBE754 /* Assets.xcassets in Resources */ = {isa = PBXBuildFile; fileRef = 195C23501F7037F800DBE754 /* Assets.xcassets */; };
		195C23541F7037F800DBE754 /* LaunchScreen.storyboard in Resources */ = {isa = PBXBuildFile; fileRef = 195C23521F7037F800DBE754 /* LaunchScreen.storyboard */; };
		195C235D1F703C1B00DBE754 /* hederCollectionVw.m in Sources */ = {isa = PBXBuildFile; fileRef = 195C235C1F703C1B00DBE754 /* hederCollectionVw.m */; };
		195C23601F704A6E00DBE754 /* galleryCollectionVw.m in Sources */ = {isa = PBXBuildFile; fileRef = 195C235F1F704A6E00DBE754 /* galleryCollectionVw.m */; };
/* End PBXBuildFile section */

/* Begin PBXFileReference section */
		195C23411F7037F800DBE754 /* horizontalscrollergallery.app */ = {isa = PBXFileReference; explicitFileType = wrapper.application; includeInIndex = 0; path = horizontalscrollergallery.app; sourceTree = BUILT_PRODUCTS_DIR; };
		195C23451F7037F800DBE754 /* main.m */ = {isa = PBXFileReference; lastKnownFileType = sourcecode.c.objc; path = main.m; sourceTree = "<group>"; };
		195C23471F7037F800DBE754 /* AppDelegate.h */ = {isa = PBXFileReference; lastKnownFileType = sourcecode.c.h; path = AppDelegate.h; sourceTree = "<group>"; };
		195C23481F7037F800DBE754 /* AppDelegate.m */ = {isa = PBXFileReference; lastKnownFileType = sourcecode.c.objc; path = AppDelegate.m; sourceTree = "<group>"; };
		195C234A1F7037F800DBE754 /* ViewController.h */ = {isa = PBXFileReference; lastKnownFileType = sourcecode.c.h; path = ViewController.h; sourceTree = "<group>"; };
		195C234B1F7037F800DBE754 /* ViewController.m */ = {isa = PBXFileReference; lastKnownFileType = sourcecode.c.objc; path = ViewController.m; sourceTree = "<group>"; };
		195C234E1F7037F800DBE754 /* Base */ = {isa = PBXFileReference; lastKnownFileType = file.storyboard; name = Base; path = Base.lproj/Main.storyboard; sourceTree = "<group>"; };
		195C23501F7037F800DBE754 /* Assets.xcassets */ = {isa = PBXFileReference; lastKnownFileType = folder.assetcatalog; path = Assets.xcassets; sourceTree = "<group>"; };
		195C23531F7037F800DBE754 /* Base */ = {isa = PBXFileReference; lastKnownFileType = file.storyboard; name = Base; path = Base.lproj/LaunchScreen.storyboard; sourceTree = "<group>"; };
		195C23551F7037F800DBE754 /* Info.plist */ = {isa = PBXFileReference; lastKnownFileType = text.plist.xml; path = Info.plist; sourceTree = "<group>"; };
		195C235B1F703C1B00DBE754 /* hederCollectionVw.h */ = {isa = PBXFileReference; fileEncoding = 4; lastKnownFileType = sourcecode.c.h; path = hederCollectionVw.h; sourceTree = "<group>"; };
		195C235C1F703C1B00DBE754 /* hederCollectionVw.m */ = {isa = PBXFileReference; fileEncoding = 4; lastKnownFileType = sourcecode.c.objc; path = hederCollectionVw.m; sourceTree = "<group>"; };
		195C235E1F704A6E00DBE754 /* galleryCollectionVw.h */ = {isa = PBXFileReference; fileEncoding = 4; lastKnownFileType = sourcecode.c.h; path = galleryCollectionVw.h; sourceTree = "<group>"; };
		195C235F1F704A6E00DBE754 /* galleryCollectionVw.m */ = {isa = PBXFileReference; fileEncoding = 4; lastKnownFileType = sourcecode.c.objc; path = galleryCollectionVw.m; sourceTree = "<group>"; };
/* End PBXFileReference section */

/* Begin PBXFrameworksBuildPhase section */
		195C233E1F7037F800DBE754 /* Frameworks */ = {
			isa = PBXFrameworksBuildPhase;
			buildActionMask = 2147483647;
			files = (
			);
			runOnlyForDeploymentPostprocessing = 0;
		};
/* End PBXFrameworksBuildPhase section */

/* Begin PBXGroup section */
		195C23381F7037F700DBE754 = {
			isa = PBXGroup;
			children = (
				195C23431F7037F800DBE754 /* horizontalscrollergallery */,
				195C23421F7037F800DBE754 /* Products */,
			);
			sourceTree = "<group>";
		};
		195C23421F7037F800DBE754 /* Products */ = {
			isa = PBXGroup;
			children = (
				195C23411F7037F800DBE754 /* horizontalscrollergallery.app */,
			);
			name = Products;
			sourceTree = "<group>";
		};
		195C23431F7037F800DBE754 /* horizontalscrollergallery */ = {
			isa = PBXGroup;
			children = (
				195C23471F7037F800DBE754 /* AppDelegate.h */,
				195C23481F7037F800DBE754 /* AppDelegate.m */,
				195C234A1F7037F800DBE754 /* ViewController.h */,
				195C234B1F7037F800DBE754 /* ViewController.m */,
				195C234D1F7037F800DBE754 /* Main.storyboard */,
				195C235B1F703C1B00DBE754 /* hederCollectionVw.h */,
				195C235E1F704A6E00DBE754 /* galleryCollectionVw.h */,
				195C235F1F704A6E00DBE754 /* galleryCollectionVw.m */,
				195C235C1F703C1B00DBE754 /* hederCollectionVw.m */,
				195C23501F7037F800DBE754 /* Assets.xcassets */,
				195C23521F7037F800DBE754 /* LaunchScreen.storyboard */,
				195C23551F7037F800DBE754 /* Info.plist */,
				195C23441F7037F800DBE754 /* Supporting Files */,
			);
			path = horizontalscrollergallery;
			sourceTree = "<group>";
		};
		195C23441F7037F800DBE754 /* Supporting Files */ = {
			isa = PBXGroup;
			children = (
				195C23451F7037F800DBE754 /* main.m */,
			);
			name = "Supporting Files";
			sourceTree = "<group>";
		};
/* End PBXGroup section */

/* Begin PBXNativeTarget section */
		195C23401F7037F800DBE754 /* horizontalscrollergallery */ = {
			isa = PBXNativeTarget;
			buildConfigurationList = 195C23581F7037F800DBE754 /* Build configuration list for PBXNativeTarget "horizontalscrollergallery" */;
			buildPhases = (
				195C233D1F7037F800DBE754 /* Sources */,
				195C233E1F7037F800DBE754 /* Frameworks */,
				195C233F1F7037F800DBE754 /* Resources */,
			);
			buildRules = (
			);
			dependencies = (
			);
			name = horizontalscrollergallery;
			productName = horizontalscrollergallery;
			productReference = 195C23411F7037F800DBE754 /* horizontalscrollergallery.app */;
			productType = "com.apple.product-type.application";
		};
/* End PBXNativeTarget section */

/* Begin PBXProject section */
		195C23391F7037F800DBE754 /* Project object */ = {
			isa = PBXProject;
			attributes = {
				LastUpgradeCheck = 0830;
				ORGANIZATIONNAME = "Gaurav Amrutiya";
				TargetAttributes = {
					195C23401F7037F800DBE754 = {
						CreatedOnToolsVersion = 8.3.3;
						DevelopmentTeam = SM9B9XSU4H;
						ProvisioningStyle = Automatic;
					};
				};
			};
			buildConfigurationList = 195C233C1F7037F800DBE754 /* Build configuration list for PBXProject "horizontalscrollergallery" */;
			compatibilityVersion = "Xcode 3.2";
			developmentRegion = English;
			hasScannedForEncodings = 0;
			knownRegions = (
				en,
				Base,
			);
			mainGroup = 195C23381F7037F700DBE754;
			productRefGroup = 195C23421F7037F800DBE754 /* Products */;
			projectDirPath = "";
			projectRoot = "";
			targets = (
				195C23401F7037F800DBE754 /* horizontalscrollergallery */,
			);
		};
/* End PBXProject section */

/* Begin PBXResourcesBuildPhase section */
		195C233F1F7037F800DBE754 /* Resources */ = {
			isa = PBXResourcesBuildPhase;
			buildActionMask = 2147483647;
			files = (
				195C23541F7037F800DBE754 /* LaunchScreen.storyboard in Resources */,
				195C23511F7037F800DBE754 /* Assets.xcassets in Resources */,
				195C234F1F7037F800DBE754 /* Main.storyboard in Resources */,
			);
			runOnlyForDeploymentPostprocessing = 0;
		};
/* End PBXResourcesBuildPhase section */

/* Begin PBXSourcesBuildPhase section */
		195C233D1F7037F800DBE754 /* Sources */ = {
			isa = PBXSourcesBuildPhase;
			buildActionMask = 2147483647;
			files = (
				195C234C1F7037F800DBE754 /* ViewController.m in Sources */,
				195C23491F7037F800DBE754 /* AppDelegate.m in Sources */,
				195C23461F7037F800DBE754 /* main.m in Sources */,
				195C235D1F703C1B00DBE754 /* hederCollectionVw.m in Sources */,
				195C23601F704A6E00DBE754 /* galleryCollectionVw.m in Sources */,
			);
			runOnlyForDeploymentPostprocessing = 0;
		};
/* End PBXSourcesBuildPhase section */

/* Begin PBXVariantGroup section */
		195C234D1F7037F800DBE754 /* Main.storyboard */ = {
			isa = PBXVariantGroup;
			children = (
				195C234E1F7037F800DBE754 /* Base */,
			);
			name = Main.storyboard;
			sourceTree = "<group>";
		};
		195C23521F7037F800DBE754 /* LaunchScreen.storyboard */ = {
			isa = PBXVariantGroup;
			children = (
				195C23531F7037F800DBE754 /* Base */,
			);
			name = LaunchScreen.storyboard;
			sourceTree = "<group>";
		};
/* End PBXVariantGroup section */

/* Begin XCBuildConfiguration section */
		195C23561F7037F800DBE754 /* Debug */ = {
			isa = XCBuildConfiguration;
			buildSettings = {
				ALWAYS_SEARCH_USER_PATHS = NO;
				CLANG_ANALYZER_NONNULL = YES;
				CLANG_ANALYZER_NUMBER_OBJECT_CONVERSION = YES_AGGRESSIVE;
				CLANG_CXX_LANGUAGE_STANDARD = "gnu++0x";
				CLANG_CXX_LIBRARY = "libc++";
				CLANG_ENABLE_MODULES = YES;
				CLANG_ENABLE_OBJC_ARC = YES;
				CLANG_WARN_BOOL_CONVERSION = YES;
				CLANG_WARN_CONSTANT_CONVERSION = YES;
				CLANG_WARN_DIRECT_OBJC_ISA_USAGE = YES_ERROR;
				CLANG_WARN_DOCUMENTATION_COMMENTS = YES;
				CLANG_WARN_EMPTY_BODY = YES;
				CLANG_WARN_ENUM_CONVERSION = YES;
				CLANG_WARN_INFINITE_RECURSION = YES;
				CLANG_WARN_INT_CONVERSION = YES;
				CLANG_WARN_OBJC_ROOT_CLASS = YES_ERROR;
				CLANG_WARN_SUSPICIOUS_MOVE = YES;
				CLANG_WARN_UNREACHABLE_CODE = YES;
				CLANG_WARN__DUPLICATE_METHOD_MATCH = YES;
				"CODE_SIGN_IDENTITY[sdk=iphoneos*]" = "iPhone Developer";
				COPY_PHASE_STRIP = NO;
				DEBUG_INFORMATION_FORMAT = dwarf;
				ENABLE_STRICT_OBJC_MSGSEND = YES;
				ENABLE_TESTABILITY = YES;
				GCC_C_LANGUAGE_STANDARD = gnu99;
				GCC_DYNAMIC_NO_PIC = NO;
				GCC_NO_COMMON_BLOCKS = YES;
				GCC_OPTIMIZATION_LEVEL = 0;
				GCC_PREPROCESSOR_DEFINITIONS = (
					"DEBUG=1",
					"$(inherited)",
				);
				GCC_WARN_64_TO_32_BIT_CONVERSION = YES;
				GCC_WARN_ABOUT_RETURN_TYPE = YES_ERROR;
				GCC_WARN_UNDECLARED_SELECTOR = YES;
				GCC_WARN_UNINITIALIZED_AUTOS = YES_AGGRESSIVE;
				GCC_WARN_UNUSED_FUNCTION = YES;
				GCC_WARN_UNUSED_VARIABLE = YES;
				IPHONEOS_DEPLOYMENT_TARGET = 10.3;
				MTL_ENABLE_DEBUG_INFO = YES;
				ONLY_ACTIVE_ARCH = YES;
				SDKROOT = iphoneos;
			};
			name = Debug;
		};
		195C23571F7037F800DBE754 /* Release */ = {
			isa = XCBuildConfiguration;
			buildSettings = {
				ALWAYS_SEARCH_USER_PATHS = NO;
				CLANG_ANALYZER_NONNULL = YES;
				CLANG_ANALYZER_NUMBER_OBJECT_CONVERSION = YES_AGGRESSIVE;
				CLANG_CXX_LANGUAGE_STANDARD = "gnu++0x";
				CLANG_CXX_LIBRARY = "libc++";
				CLANG_ENABLE_MODULES = YES;
				CLANG_ENABLE_OBJC_ARC = YES;
				CLANG_WARN_BOOL_CONVERSION = YES;
				CLANG_WARN_CONSTANT_CONVERSION = YES;
				CLANG_WARN_DIRECT_OBJC_ISA_USAGE = YES_ERROR;
				CLANG_WARN_DOCUMENTATION_COMMENTS = YES;
				CLANG_WARN_EMPTY_BODY = YES;
				CLANG_WARN_ENUM_CONVERSION = YES;
				CLANG_WARN_INFINITE_RECURSION = YES;
				CLANG_WARN_INT_CONVERSION = YES;
				CLANG_WARN_OBJC_ROOT_CLASS = YES_ERROR;
				CLANG_WARN_SUSPICIOUS_MOVE = YES;
				CLANG_WARN_UNREACHABLE_CODE = YES;
				CLANG_WARN__DUPLICATE_METHOD_MATCH = YES;
				"CODE_SIGN_IDENTITY[sdk=iphoneos*]" = "iPhone Developer";
				COPY_PHASE_STRIP = NO;
				DEBUG_INFORMATION_FORMAT = "dwarf-with-dsym";
				ENABLE_NS_ASSERTIONS = NO;
				ENABLE_STRICT_OBJC_MSGSEND = YES;
				GCC_C_LANGUAGE_STANDARD = gnu99;
				GCC_NO_COMMON_BLOCKS = YES;
				GCC_WARN_64_TO_32_BIT_CONVERSION = YES;
				GCC_WARN_ABOUT_RETURN_TYPE = YES_ERROR;
				GCC_WARN_UNDECLARED_SELECTOR = YES;
				GCC_WARN_UNINITIALIZED_AUTOS = YES_AGGRESSIVE;
				GCC_WARN_UNUSED_FUNCTION = YES;
				GCC_WARN_UNUSED_VARIABLE = YES;
				IPHONEOS_DEPLOYMENT_TARGET = 10.3;
				MTL_ENABLE_DEBUG_INFO = NO;
				SDKROOT = iphoneos;
				VALIDATE_PRODUCT = YES;
			};
			name = Release;
		};
		195C23591F7037F800DBE754 /* Debug */ = {
			isa = XCBuildConfiguration;
			buildSettings = {
				ASSETCATALOG_COMPILER_APPICON_NAME = AppIcon;
				DEVELOPMENT_TEAM = SM9B9XSU4H;
				INFOPLIST_FILE = horizontalscrollergallery/Info.plist;
				LD_RUNPATH_SEARCH_PATHS = "$(inherited) @executable_path/Frameworks";
				PRODUCT_BUNDLE_IDENTIFIER = COM.horizontalscrollergallery;
				PRODUCT_NAME = "$(TARGET_NAME)";
			};
			name = Debug;
		};
		195C235A1F7037F800DBE754 /* Release */ = {
			isa = XCBuildConfiguration;
			buildSettings = {
				ASSETCATALOG_COMPILER_APPICON_NAME = AppIcon;
				DEVELOPMENT_TEAM = SM9B9XSU4H;
				INFOPLIST_FILE = horizontalscrollergallery/Info.plist;
				LD_RUNPATH_SEARCH_PATHS = "$(inherited) @executable_path/Frameworks";
				PRODUCT_BUNDLE_IDENTIFIER = COM.horizontalscrollergallery;
				PRODUCT_NAME = "$(TARGET_NAME)";
			};
			name = Release;
		};
/* End XCBuildConfiguration section */

/* Begin XCConfigurationList section */
		195C233C1F7037F800DBE754 /* Build configuration list for PBXProject "horizontalscrollergallery" */ = {
			isa = XCConfigurationList;
			buildConfigurations = (
				195C23561F7037F800DBE754 /* Debug */,
				195C23571F7037F800DBE754 /* Release */,
			);
			defaultConfigurationIsVisible = 0;
			defaultConfigurationName = Release;
		};
		195C23581F7037F800DBE754 /* Build configuration list for PBXNativeTarget "horizontalscrollergallery" */ = {
			isa = XCConfigurationList;
			buildConfigurations = (
				195C23591F7037F800DBE754 /* Debug */,
				195C235A1F7037F800DBE754 /* Release */,
			);
			defaultConfigurationIsVisible = 0;
		};
/* End XCConfigurationList section */
	};
	rootObject = 195C23391F7037F800DBE754 /* Project object */;
}
